
Microsoft Visual Studio Solution File, Format Version 12.00
# Visual Studio 15
VisualStudioVersion = 15.0.27004.2009
MinimumVisualStudioVersion = 10.0.40219.1
Project("{FAE04EC0-301F-11D3-BF4B-00C04F79EFBC}") = "Zad.01", "StringsHomework\Zad.01.csproj", "{45F95F43-EBB5-4B9E-B7FF-075A5B9AE667}"
EndProject
Project("{FAE04EC0-301F-11D3-BF4B-00C04F79EFBC}") = "zad.04", "zad4\zad.04.csproj", "{819C6E86-D29B-47EE-B97C-077CD7406C2E}"
EndProject
Project("{FAE04EC0-301F-11D3-BF4B-00C04F79EFBC}") = "Zad.03", "Zad3\Zad.03.csproj", "{B834B51D-83D2-47D2-9E14-1B05557E4BC9}"
EndProject
Project("{FAE04EC0-301F-11D3-BF4B-00C04F79EFBC}") = "Zad.05", "Zad5\Zad.05.csproj", "{BAC901F4-C0A7-4D71-9661-3DB5079EBA23}"
EndProject
Project("{FAE04EC0-301F-11D3-BF4B-00C04F79EFBC}") = "Zad.06", "Zad6\Zad.06.csproj", "{6AE21BD0-4C39-4D83-B4A3-173BCB97FA60}"
EndProject
Project("{FAE04EC0-301F-11D3-BF4B-00C04F79EFBC}") = "Zad.08", "Zad8\Zad.08.csproj", "{A703CBD0-5FFE-4DCC-9FAA-D66ED4DA1650}"
EndProject
Project("{FAE04EC0-301F-11D3-BF4B-00C04F79EFBC}") = "zad.10", "zad10\zad.10.csproj", "{8F1CFCF0-742B-43B4-BF3D-25B822B8406D}"
EndProject
Project("{FAE04EC0-301F-11D3-BF4B-00C04F79EFBC}") = "Zad.12", "Zad12\Zad.12.csproj", "{C2933AB1-F4FD-4ED2-B17F-73F2FC9FBDE3}"
EndProject
Project("{FAE04EC0-301F-11D3-BF4B-00C04F79EFBC}") = "Zad.23", "Zad.23\Zad.23.csproj", "{8D84B105-0A11-49B3-91B7-208A83245967}"
EndProject
Project("{FAE04EC0-301F-11D3-BF4B-00C04F79EFBC}") = "Zad.15", "Zad.15\Zad.15.csproj", "{7F6BC44F-2436-4280-8E3D-9F9142E84FC3}"
EndProject
Global
	GlobalSection(SolutionConfigurationPlatforms) = preSolution
		Debug|Any CPU = Debug|Any CPU
		Release|Any CPU = Release|Any CPU
	EndGlobalSection
	GlobalSection(ProjectConfigurationPlatforms) = postSolution
		{45F95F43-EBB5-4B9E-B7FF-075A5B9AE667}.Debug|Any CPU.ActiveCfg = Debug|Any CPU
		{45F95F43-EBB5-4B9E-B7FF-075A5B9AE667}.Debug|Any CPU.Build.0 = Debug|Any CPU
		{45F95F43-EBB5-4B9E-B7FF-075A5B9AE667}.Release|Any CPU.ActiveCfg = Release|Any CPU
		{45F95F43-EBB5-4B9E-B7FF-075A5B9AE667}.Release|Any CPU.Build.0 = Release|Any CPU
		{819C6E86-D29B-47EE-B97C-077CD7406C2E}.Debug|Any CPU.ActiveCfg = Debug|Any CPU
		{819C6E86-D29B-47EE-B97C-077CD7406C2E}.Debug|Any CPU.Build.0 = Debug|Any CPU
		{819C6E86-D29B-47EE-B97C-077CD7406C2E}.Release|Any CPU.ActiveCfg = Release|Any CPU
		{819C6E86-D29B-47EE-B97C-077CD7406C2E}.Release|Any CPU.Build.0 = Release|Any CPU
		{B834B51D-83D2-47D2-9E14-1B05557E4BC9}.Debug|Any CPU.ActiveCfg = Debug|Any CPU
		{B834B51D-83D2-47D2-9E14-1B05557E4BC9}.Debug|Any CPU.Build.0 = Debug|Any CPU
		{B834B51D-83D2-47D2-9E14-1B05557E4BC9}.Release|Any CPU.ActiveCfg = Release|Any CPU
		{B834B51D-83D2-47D2-9E14-1B05557E4BC9}.Release|Any CPU.Build.0 = Release|Any CPU
		{BAC901F4-C0A7-4D71-9661-3DB5079EBA23}.Debug|Any CPU.ActiveCfg = Debug|Any CPU
		{BAC901F4-C0A7-4D71-9661-3DB5079EBA23}.Debug|Any CPU.Build.0 = Debug|Any CPU
		{BAC901F4-C0A7-4D71-9661-3DB5079EBA23}.Release|Any CPU.ActiveCfg = Release|Any CPU
		{BAC901F4-C0A7-4D71-9661-3DB5079EBA23}.Release|Any CPU.Build.0 = Release|Any CPU
		{6AE21BD0-4C39-4D83-B4A3-173BCB97FA60}.Debug|Any CPU.ActiveCfg = Debug|Any CPU
		{6AE21BD0-4C39-4D83-B4A3-173BCB97FA60}.Debug|Any CPU.Build.0 = Debug|Any CPU
		{6AE21BD0-4C39-4D83-B4A3-173BCB97FA60}.Release|Any CPU.ActiveCfg = Release|Any CPU
		{6AE21BD0-4C39-4D83-B4A3-173BCB97FA60}.Release|Any CPU.Build.0 = Release|Any CPU
		{A703CBD0-5FFE-4DCC-9FAA-D66ED4DA1650}.Debug|Any CPU.ActiveCfg = Debug|Any CPU
		{A703CBD0-5FFE-4DCC-9FAA-D66ED4DA1650}.Debug|Any CPU.Build.0 = Debug|Any CPU
		{A703CBD0-5FFE-4DCC-9FAA-D66ED4DA1650}.Release|Any CPU.ActiveCfg = Release|Any CPU
		{A703CBD0-5FFE-4DCC-9FAA-D66ED4DA1650}.Release|Any CPU.Build.0 = Release|Any CPU
		{8F1CFCF0-742B-43B4-BF3D-25B822B8406D}.Debug|Any CPU.ActiveCfg = Debug|Any CPU
		{8F1CFCF0-742B-43B4-BF3D-25B822B8406D}.Debug|Any CPU.Build.0 = Debug|Any CPU
		{8F1CFCF0-742B-43B4-BF3D-25B822B8406D}.Release|Any CPU.ActiveCfg = Release|Any CPU
		{8F1CFCF0-742B-43B4-BF3D-25B822B8406D}.Release|Any CPU.Build.0 = Release|Any CPU
		{C2933AB1-F4FD-4ED2-B17F-73F2FC9FBDE3}.Debug|Any CPU.ActiveCfg = Debug|Any CPU
		{C2933AB1-F4FD-4ED2-B17F-73F2FC9FBDE3}.Debug|Any CPU.Build.0 = Debug|Any CPU
		{C2933AB1-F4FD-4ED2-B17F-73F2FC9FBDE3}.Release|Any CPU.ActiveCfg = Release|Any CPU
		{C2933AB1-F4FD-4ED2-B17F-73F2FC9FBDE3}.Release|Any CPU.Build.0 = Release|Any CPU
		{8D84B105-0A11-49B3-91B7-208A83245967}.Debug|Any CPU.ActiveCfg = Debug|Any CPU
		{8D84B105-0A11-49B3-91B7-208A83245967}.Debug|Any CPU.Build.0 = Debug|Any CPU
		{8D84B105-0A11-49B3-91B7-208A83245967}.Release|Any CPU.ActiveCfg = Release|Any CPU
		{8D84B105-0A11-49B3-91B7-208A83245967}.Release|Any CPU.Build.0 = Release|Any CPU
		{7F6BC44F-2436-4280-8E3D-9F9142E84FC3}.Debug|Any CPU.ActiveCfg = Debug|Any CPU
		{7F6BC44F-2436-4280-8E3D-9F9142E84FC3}.Debug|Any CPU.Build.0 = Debug|Any CPU
		{7F6BC44F-2436-4280-8E3D-9F9142E84FC3}.Release|Any CPU.ActiveCfg = Release|Any CPU
		{7F6BC44F-2436-4280-8E3D-9F9142E84FC3}.Release|Any CPU.Build.0 = Release|Any CPU
	EndGlobalSection
	GlobalSection(SolutionProperties) = preSolution
		HideSolutionNode = FALSE
	EndGlobalSection
	GlobalSection(ExtensibilityGlobals) = postSolution
		SolutionGuid = {3A4F6685-6670-4634-AE58-F4049E37991A}
	EndGlobalSection
EndGlobal
