
Microsoft Visual Studio Solution File, Format Version 12.00
# Visual Studio 15
VisualStudioVersion = 15.0.27428.2015
MinimumVisualStudioVersion = 10.0.40219.1
Project("{9A19103F-16F7-4668-BE54-9A1E7A4F7556}") = "ITest", "ITest\ITest.csproj", "{F7F7DD83-1BE4-49AF-B6B2-916E0A68B8C9}"
EndProject
Project("{2150E333-8FDC-42A3-9474-1A3956D46DE8}") = "Presentation", "Presentation", "{BE776E67-F3EE-4BF6-8DA4-D12D2EF9492B}"
EndProject
Project("{2150E333-8FDC-42A3-9474-1A3956D46DE8}") = "Data", "Data", "{3F4279E4-3817-490E-B37B-E0DA869AA996}"
EndProject
Project("{2150E333-8FDC-42A3-9474-1A3956D46DE8}") = "Tests", "Tests", "{11038A36-7E53-4993-BE80-581B2E3ABEE2}"
EndProject
Project("{2150E333-8FDC-42A3-9474-1A3956D46DE8}") = "Business", "Business", "{6D434078-9D35-46AC-9BCD-A24D130909C9}"
EndProject
Project("{9A19103F-16F7-4668-BE54-9A1E7A4F7556}") = "ITest.Data", "ITest.Data\ITest.Data.csproj", "{CCA7039E-E003-44F6-A5B7-71AB27B23D95}"
EndProject
Project("{9A19103F-16F7-4668-BE54-9A1E7A4F7556}") = "ITest.Data.Models", "ITest.Data.Models\ITest.Data.Models.csproj", "{FD07A76A-F08E-4154-A208-5FCE0F24ED25}"
EndProject
Project("{9A19103F-16F7-4668-BE54-9A1E7A4F7556}") = "ITest.DTO", "ITest.DTO\ITest.DTO.csproj", "{534BA1B3-BADC-40A0-A444-A32E14A67B48}"
EndProject
Project("{9A19103F-16F7-4668-BE54-9A1E7A4F7556}") = "ITest.Infrastructure", "ITest.Infrastructure\ITest.Infrastructure.csproj", "{18D13896-AA0A-4325-BA37-0616178E3516}"
EndProject
Project("{9A19103F-16F7-4668-BE54-9A1E7A4F7556}") = "ITest.Services.Data", "ITest.Services.Data\ITest.Services.Data.csproj", "{083121F4-446B-4E7F-9150-FBA113219D27}"
EndProject
Project("{9A19103F-16F7-4668-BE54-9A1E7A4F7556}") = "ITest.Services.External", "ITest.Services.External\ITest.Services.External.csproj", "{2668964B-9306-4042-B529-F397F60C68F5}"
EndProject
Global
	GlobalSection(SolutionConfigurationPlatforms) = preSolution
		Debug|Any CPU = Debug|Any CPU
		Release|Any CPU = Release|Any CPU
	EndGlobalSection
	GlobalSection(ProjectConfigurationPlatforms) = postSolution
		{F7F7DD83-1BE4-49AF-B6B2-916E0A68B8C9}.Debug|Any CPU.ActiveCfg = Debug|Any CPU
		{F7F7DD83-1BE4-49AF-B6B2-916E0A68B8C9}.Debug|Any CPU.Build.0 = Debug|Any CPU
		{F7F7DD83-1BE4-49AF-B6B2-916E0A68B8C9}.Release|Any CPU.ActiveCfg = Release|Any CPU
		{F7F7DD83-1BE4-49AF-B6B2-916E0A68B8C9}.Release|Any CPU.Build.0 = Release|Any CPU
		{CCA7039E-E003-44F6-A5B7-71AB27B23D95}.Debug|Any CPU.ActiveCfg = Debug|Any CPU
		{CCA7039E-E003-44F6-A5B7-71AB27B23D95}.Debug|Any CPU.Build.0 = Debug|Any CPU
		{CCA7039E-E003-44F6-A5B7-71AB27B23D95}.Release|Any CPU.ActiveCfg = Release|Any CPU
		{CCA7039E-E003-44F6-A5B7-71AB27B23D95}.Release|Any CPU.Build.0 = Release|Any CPU
		{FD07A76A-F08E-4154-A208-5FCE0F24ED25}.Debug|Any CPU.ActiveCfg = Debug|Any CPU
		{FD07A76A-F08E-4154-A208-5FCE0F24ED25}.Debug|Any CPU.Build.0 = Debug|Any CPU
		{FD07A76A-F08E-4154-A208-5FCE0F24ED25}.Release|Any CPU.ActiveCfg = Release|Any CPU
		{FD07A76A-F08E-4154-A208-5FCE0F24ED25}.Release|Any CPU.Build.0 = Release|Any CPU
		{534BA1B3-BADC-40A0-A444-A32E14A67B48}.Debug|Any CPU.ActiveCfg = Debug|Any CPU
		{534BA1B3-BADC-40A0-A444-A32E14A67B48}.Debug|Any CPU.Build.0 = Debug|Any CPU
		{534BA1B3-BADC-40A0-A444-A32E14A67B48}.Release|Any CPU.ActiveCfg = Release|Any CPU
		{534BA1B3-BADC-40A0-A444-A32E14A67B48}.Release|Any CPU.Build.0 = Release|Any CPU
		{18D13896-AA0A-4325-BA37-0616178E3516}.Debug|Any CPU.ActiveCfg = Debug|Any CPU
		{18D13896-AA0A-4325-BA37-0616178E3516}.Debug|Any CPU.Build.0 = Debug|Any CPU
		{18D13896-AA0A-4325-BA37-0616178E3516}.Release|Any CPU.ActiveCfg = Release|Any CPU
		{18D13896-AA0A-4325-BA37-0616178E3516}.Release|Any CPU.Build.0 = Release|Any CPU
		{083121F4-446B-4E7F-9150-FBA113219D27}.Debug|Any CPU.ActiveCfg = Debug|Any CPU
		{083121F4-446B-4E7F-9150-FBA113219D27}.Debug|Any CPU.Build.0 = Debug|Any CPU
		{083121F4-446B-4E7F-9150-FBA113219D27}.Release|Any CPU.ActiveCfg = Release|Any CPU
		{083121F4-446B-4E7F-9150-FBA113219D27}.Release|Any CPU.Build.0 = Release|Any CPU
		{2668964B-9306-4042-B529-F397F60C68F5}.Debug|Any CPU.ActiveCfg = Debug|Any CPU
		{2668964B-9306-4042-B529-F397F60C68F5}.Debug|Any CPU.Build.0 = Debug|Any CPU
		{2668964B-9306-4042-B529-F397F60C68F5}.Release|Any CPU.ActiveCfg = Release|Any CPU
		{2668964B-9306-4042-B529-F397F60C68F5}.Release|Any CPU.Build.0 = Release|Any CPU
	EndGlobalSection
	GlobalSection(SolutionProperties) = preSolution
		HideSolutionNode = FALSE
	EndGlobalSection
	GlobalSection(NestedProjects) = preSolution
		{F7F7DD83-1BE4-49AF-B6B2-916E0A68B8C9} = {BE776E67-F3EE-4BF6-8DA4-D12D2EF9492B}
		{CCA7039E-E003-44F6-A5B7-71AB27B23D95} = {3F4279E4-3817-490E-B37B-E0DA869AA996}
		{FD07A76A-F08E-4154-A208-5FCE0F24ED25} = {3F4279E4-3817-490E-B37B-E0DA869AA996}
		{534BA1B3-BADC-40A0-A444-A32E14A67B48} = {6D434078-9D35-46AC-9BCD-A24D130909C9}
		{18D13896-AA0A-4325-BA37-0616178E3516} = {6D434078-9D35-46AC-9BCD-A24D130909C9}
		{083121F4-446B-4E7F-9150-FBA113219D27} = {6D434078-9D35-46AC-9BCD-A24D130909C9}
		{2668964B-9306-4042-B529-F397F60C68F5} = {6D434078-9D35-46AC-9BCD-A24D130909C9}
	EndGlobalSection
	GlobalSection(ExtensibilityGlobals) = postSolution
		SolutionGuid = {953B8CC0-B59E-443E-8DE0-3D439E40EECE}
	EndGlobalSection
EndGlobal
