
Microsoft Visual Studio Solution File, Format Version 12.00
# Visual Studio 15
VisualStudioVersion = 15.0.27004.2009
MinimumVisualStudioVersion = 10.0.40219.1
Project("{FAE04EC0-301F-11D3-BF4B-00C04F79EFBC}") = "Zad.01", "Zad.01\Zad.01.csproj", "{4851EF9C-7D84-4EC1-B769-51F86824628A}"
EndProject
Project("{FAE04EC0-301F-11D3-BF4B-00C04F79EFBC}") = "Zad.02", "Zad.02\Zad.02.csproj", "{3713B34A-C48E-407F-ACA5-0E8597523D5D}"
EndProject
Project("{FAE04EC0-301F-11D3-BF4B-00C04F79EFBC}") = "Zad.03", "EnglishDigit\Zad.03.csproj", "{BB5AD621-A506-4F3F-BD9F-C3F8C6E26548}"
EndProject
Project("{FAE04EC0-301F-11D3-BF4B-00C04F79EFBC}") = "Zad.04", "Zad.04\Zad.04.csproj", "{17D9FA50-2D7F-4041-9E88-80884AC265D2}"
EndProject
Project("{FAE04EC0-301F-11D3-BF4B-00C04F79EFBC}") = "Zad.05", "Zad.05\Zad.05.csproj", "{C93D0D40-52BE-4AE2-98F2-20A6B8BAD9A0}"
EndProject
Project("{FAE04EC0-301F-11D3-BF4B-00C04F79EFBC}") = "Zad.06", "FirstLarger\Zad.06.csproj", "{B2E99CFF-F31E-404B-8C4D-A71B9F9727C6}"
EndProject
Project("{FAE04EC0-301F-11D3-BF4B-00C04F79EFBC}") = "zad.07", "zad.07\zad.07.csproj", "{7A12F5E0-CE87-439D-A4C3-1A2A30539530}"
EndProject
Project("{FAE04EC0-301F-11D3-BF4B-00C04F79EFBC}") = "Zad.08", "Zad.08\Zad.08.csproj", "{81519BD4-704B-43C0-8FF1-1F84AA7E13D0}"
EndProject
Project("{FAE04EC0-301F-11D3-BF4B-00C04F79EFBC}") = "Zad.09", "Zad.09\Zad.09.csproj", "{45CDEC1C-D6F0-4B0D-BBCA-971C28E8F41C}"
EndProject
Project("{FAE04EC0-301F-11D3-BF4B-00C04F79EFBC}") = "Zad..10", "Zad..10\Zad..10.csproj", "{5F4DBE29-4A78-4A75-A98B-0A19B1A2A7E1}"
EndProject
Project("{FAE04EC0-301F-11D3-BF4B-00C04F79EFBC}") = "Zad.11", "Zad.11\Zad.11.csproj", "{06506B38-39BF-4399-91B1-8515042C5A6F}"
EndProject
Project("{FAE04EC0-301F-11D3-BF4B-00C04F79EFBC}") = "Zad.12", "Zad.12\Zad.12.csproj", "{1FB0DB8E-074C-4B00-A0B3-4F853B23D239}"
EndProject
Global
	GlobalSection(SolutionConfigurationPlatforms) = preSolution
		Debug|Any CPU = Debug|Any CPU
		Release|Any CPU = Release|Any CPU
	EndGlobalSection
	GlobalSection(ProjectConfigurationPlatforms) = postSolution
		{4851EF9C-7D84-4EC1-B769-51F86824628A}.Debug|Any CPU.ActiveCfg = Debug|Any CPU
		{4851EF9C-7D84-4EC1-B769-51F86824628A}.Debug|Any CPU.Build.0 = Debug|Any CPU
		{4851EF9C-7D84-4EC1-B769-51F86824628A}.Release|Any CPU.ActiveCfg = Release|Any CPU
		{4851EF9C-7D84-4EC1-B769-51F86824628A}.Release|Any CPU.Build.0 = Release|Any CPU
		{3713B34A-C48E-407F-ACA5-0E8597523D5D}.Debug|Any CPU.ActiveCfg = Debug|Any CPU
		{3713B34A-C48E-407F-ACA5-0E8597523D5D}.Debug|Any CPU.Build.0 = Debug|Any CPU
		{3713B34A-C48E-407F-ACA5-0E8597523D5D}.Release|Any CPU.ActiveCfg = Release|Any CPU
		{3713B34A-C48E-407F-ACA5-0E8597523D5D}.Release|Any CPU.Build.0 = Release|Any CPU
		{BB5AD621-A506-4F3F-BD9F-C3F8C6E26548}.Debug|Any CPU.ActiveCfg = Debug|Any CPU
		{BB5AD621-A506-4F3F-BD9F-C3F8C6E26548}.Debug|Any CPU.Build.0 = Debug|Any CPU
		{BB5AD621-A506-4F3F-BD9F-C3F8C6E26548}.Release|Any CPU.ActiveCfg = Release|Any CPU
		{BB5AD621-A506-4F3F-BD9F-C3F8C6E26548}.Release|Any CPU.Build.0 = Release|Any CPU
		{17D9FA50-2D7F-4041-9E88-80884AC265D2}.Debug|Any CPU.ActiveCfg = Debug|Any CPU
		{17D9FA50-2D7F-4041-9E88-80884AC265D2}.Debug|Any CPU.Build.0 = Debug|Any CPU
		{17D9FA50-2D7F-4041-9E88-80884AC265D2}.Release|Any CPU.ActiveCfg = Release|Any CPU
		{17D9FA50-2D7F-4041-9E88-80884AC265D2}.Release|Any CPU.Build.0 = Release|Any CPU
		{C93D0D40-52BE-4AE2-98F2-20A6B8BAD9A0}.Debug|Any CPU.ActiveCfg = Debug|Any CPU
		{C93D0D40-52BE-4AE2-98F2-20A6B8BAD9A0}.Debug|Any CPU.Build.0 = Debug|Any CPU
		{C93D0D40-52BE-4AE2-98F2-20A6B8BAD9A0}.Release|Any CPU.ActiveCfg = Release|Any CPU
		{C93D0D40-52BE-4AE2-98F2-20A6B8BAD9A0}.Release|Any CPU.Build.0 = Release|Any CPU
		{B2E99CFF-F31E-404B-8C4D-A71B9F9727C6}.Debug|Any CPU.ActiveCfg = Debug|Any CPU
		{B2E99CFF-F31E-404B-8C4D-A71B9F9727C6}.Debug|Any CPU.Build.0 = Debug|Any CPU
		{B2E99CFF-F31E-404B-8C4D-A71B9F9727C6}.Release|Any CPU.ActiveCfg = Release|Any CPU
		{B2E99CFF-F31E-404B-8C4D-A71B9F9727C6}.Release|Any CPU.Build.0 = Release|Any CPU
		{7A12F5E0-CE87-439D-A4C3-1A2A30539530}.Debug|Any CPU.ActiveCfg = Debug|Any CPU
		{7A12F5E0-CE87-439D-A4C3-1A2A30539530}.Debug|Any CPU.Build.0 = Debug|Any CPU
		{7A12F5E0-CE87-439D-A4C3-1A2A30539530}.Release|Any CPU.ActiveCfg = Release|Any CPU
		{7A12F5E0-CE87-439D-A4C3-1A2A30539530}.Release|Any CPU.Build.0 = Release|Any CPU
		{81519BD4-704B-43C0-8FF1-1F84AA7E13D0}.Debug|Any CPU.ActiveCfg = Debug|Any CPU
		{81519BD4-704B-43C0-8FF1-1F84AA7E13D0}.Debug|Any CPU.Build.0 = Debug|Any CPU
		{81519BD4-704B-43C0-8FF1-1F84AA7E13D0}.Release|Any CPU.ActiveCfg = Release|Any CPU
		{81519BD4-704B-43C0-8FF1-1F84AA7E13D0}.Release|Any CPU.Build.0 = Release|Any CPU
		{45CDEC1C-D6F0-4B0D-BBCA-971C28E8F41C}.Debug|Any CPU.ActiveCfg = Debug|Any CPU
		{45CDEC1C-D6F0-4B0D-BBCA-971C28E8F41C}.Debug|Any CPU.Build.0 = Debug|Any CPU
		{45CDEC1C-D6F0-4B0D-BBCA-971C28E8F41C}.Release|Any CPU.ActiveCfg = Release|Any CPU
		{45CDEC1C-D6F0-4B0D-BBCA-971C28E8F41C}.Release|Any CPU.Build.0 = Release|Any CPU
		{5F4DBE29-4A78-4A75-A98B-0A19B1A2A7E1}.Debug|Any CPU.ActiveCfg = Debug|Any CPU
		{5F4DBE29-4A78-4A75-A98B-0A19B1A2A7E1}.Debug|Any CPU.Build.0 = Debug|Any CPU
		{5F4DBE29-4A78-4A75-A98B-0A19B1A2A7E1}.Release|Any CPU.ActiveCfg = Release|Any CPU
		{5F4DBE29-4A78-4A75-A98B-0A19B1A2A7E1}.Release|Any CPU.Build.0 = Release|Any CPU
		{06506B38-39BF-4399-91B1-8515042C5A6F}.Debug|Any CPU.ActiveCfg = Debug|Any CPU
		{06506B38-39BF-4399-91B1-8515042C5A6F}.Debug|Any CPU.Build.0 = Debug|Any CPU
		{06506B38-39BF-4399-91B1-8515042C5A6F}.Release|Any CPU.ActiveCfg = Release|Any CPU
		{06506B38-39BF-4399-91B1-8515042C5A6F}.Release|Any CPU.Build.0 = Release|Any CPU
		{1FB0DB8E-074C-4B00-A0B3-4F853B23D239}.Debug|Any CPU.ActiveCfg = Debug|Any CPU
		{1FB0DB8E-074C-4B00-A0B3-4F853B23D239}.Debug|Any CPU.Build.0 = Debug|Any CPU
		{1FB0DB8E-074C-4B00-A0B3-4F853B23D239}.Release|Any CPU.ActiveCfg = Release|Any CPU
		{1FB0DB8E-074C-4B00-A0B3-4F853B23D239}.Release|Any CPU.Build.0 = Release|Any CPU
	EndGlobalSection
	GlobalSection(SolutionProperties) = preSolution
		HideSolutionNode = FALSE
	EndGlobalSection
	GlobalSection(ExtensibilityGlobals) = postSolution
		SolutionGuid = {B99791F1-72FB-478D-975C-A65A718DB9B6}
	EndGlobalSection
EndGlobal
