
Microsoft Visual Studio Solution File, Format Version 12.00
# Visual Studio 15
VisualStudioVersion = 15.0.27004.2010
MinimumVisualStudioVersion = 10.0.40219.1
Project("{FAE04EC0-301F-11D3-BF4B-00C04F79EFBC}") = "01.CokiSkoki", "DSAWorkshop\01.CokiSkoki.csproj", "{598C2074-75C6-4918-BF51-CFD5744CD191}"
EndProject
Project("{FAE04EC0-301F-11D3-BF4B-00C04F79EFBC}") = "02.MessageInABottle", "MessageInABottle\02.MessageInABottle.csproj", "{6FF8A022-6371-4775-B2DE-19ED7661CE9A}"
EndProject
Project("{FAE04EC0-301F-11D3-BF4B-00C04F79EFBC}") = "03.JediMeditation", "JediMeditation\03.JediMeditation.csproj", "{D6DE254B-F674-45FE-B1A5-7D5F6A97AA1B}"
EndProject
Project("{FAE04EC0-301F-11D3-BF4B-00C04F79EFBC}") = "04.DFSMatrix", "DFSMatrix\04.DFSMatrix.csproj", "{3626DE18-448A-4F1A-B18C-E3C664AA26E2}"
EndProject
Project("{FAE04EC0-301F-11D3-BF4B-00C04F79EFBC}") = "05.Deistvia", "Deistvia\05.Deistvia.csproj", "{8D1C8D22-AF76-4A9C-887F-6CC535F968EE}"
EndProject
Project("{FAE04EC0-301F-11D3-BF4B-00C04F79EFBC}") = "04.1DFSIterative", "04.1DFSIterative\04.1DFSIterative.csproj", "{BF5BCBB3-840E-4E9B-867F-B9B9A9A4F4DF}"
EndProject
Project("{FAE04EC0-301F-11D3-BF4B-00C04F79EFBC}") = "06.PlayerRanking", "06.PlayerRanking\06.PlayerRanking.csproj", "{4B44A40D-E70B-424B-A6F0-A3DFB4844ED5}"
EndProject
Project("{FAE04EC0-301F-11D3-BF4B-00C04F79EFBC}") = "07.UnitsOfWork", "07.UnitsOfWork\07.UnitsOfWork.csproj", "{C0521ACB-A9D5-4859-9D27-C57FDD85EF3C}"
EndProject
Project("{FAE04EC0-301F-11D3-BF4B-00C04F79EFBC}") = "08.Slogan", "08.Slogan\08.Slogan.csproj", "{5794ED7B-6E81-49B5-A5E6-EFC375FA1354}"
EndProject
Project("{FAE04EC0-301F-11D3-BF4B-00C04F79EFBC}") = "10.RingOfTheAcademySimpler", "10.Testing\10.RingOfTheAcademySimpler.csproj", "{6BD9C79F-29B9-4F1E-9538-612722F4520B}"
EndProject
Project("{FAE04EC0-301F-11D3-BF4B-00C04F79EFBC}") = "10.1RingsOfTheAcademy", "10.1RingsOfTheAcademy\10.1RingsOfTheAcademy.csproj", "{83843916-C9E0-41B8-9CFD-C18B1E471406}"
EndProject
Project("{FAE04EC0-301F-11D3-BF4B-00C04F79EFBC}") = "11.Swapping", "11.Swapping\11.Swapping.csproj", "{B3B5C5A9-ABC4-4168-878D-AB2B2A8E9E21}"
EndProject
Project("{FAE04EC0-301F-11D3-BF4B-00C04F79EFBC}") = "02.1(solution)MessagesInBottle", "02.1(solution)MessagesInBottle\02.1(solution)MessagesInBottle.csproj", "{794CCEE8-700C-407F-B8E3-2228C87F58F6}"
EndProject
Project("{FAE04EC0-301F-11D3-BF4B-00C04F79EFBC}") = "12.RandomTest", "12.RandomTest\12.RandomTest.csproj", "{62782775-3960-467E-BCA4-F9B3C425C915}"
EndProject
Project("{FAE04EC0-301F-11D3-BF4B-00C04F79EFBC}") = "21.SecretMessage", "21.SecretMessage\21.SecretMessage.csproj", "{52F0D6BB-9F54-41A7-B2A7-9009B83BA395}"
EndProject
Project("{FAE04EC0-301F-11D3-BF4B-00C04F79EFBC}") = "21.1SecretSecondTry", "21.1SecretSecondTry\21.1SecretSecondTry.csproj", "{F5265915-69B3-4345-8FB5-B251941A2159}"
EndProject
Project("{FAE04EC0-301F-11D3-BF4B-00C04F79EFBC}") = "23.DogLoves", "23.DogLoves\23.DogLoves.csproj", "{A38CA567-807A-4CFC-BD34-6854B70A6E51}"
EndProject
Project("{FAE04EC0-301F-11D3-BF4B-00C04F79EFBC}") = "22.OnlineMarket", "22.OnlineMarket\22.OnlineMarket.csproj", "{7B27A01D-3593-405F-8E02-14F130E1E122}"
EndProject
Project("{FAE04EC0-301F-11D3-BF4B-00C04F79EFBC}") = "24.LastTest", "24.LastTest\24.LastTest.csproj", "{1ACE78A1-A8F5-4A5C-BFB2-98F3B5DB1269}"
EndProject
Project("{FAE04EC0-301F-11D3-BF4B-00C04F79EFBC}") = "3.1Shuffle", "3.1Shuffle\3.1Shuffle.csproj", "{A7D83E6A-BC94-43BA-B79A-1D9FB2D10AAF}"
EndProject
Project("{FAE04EC0-301F-11D3-BF4B-00C04F79EFBC}") = "3.11Hashset", "3.11Hashset\3.11Hashset.csproj", "{9C6173C0-9E89-459E-86C5-6EC066DEDF9C}"
EndProject
Project("{FAE04EC0-301F-11D3-BF4B-00C04F79EFBC}") = "3.2OrderSystem", "3.2OrderSystem\3.2OrderSystem.csproj", "{8C9299E9-7728-4C82-8DDF-7981C269A9DC}"
EndProject
Project("{FAE04EC0-301F-11D3-BF4B-00C04F79EFBC}") = "testing", "testing\testing.csproj", "{FB018B91-D0C9-4F71-8858-1C39B2827AB3}"
EndProject
Project("{FAE04EC0-301F-11D3-BF4B-00C04F79EFBC}") = "3.3BagOfBalls", "3.3BagOfBalls\3.3BagOfBalls.csproj", "{6498EA56-6AEE-4714-88D4-1939DE11FC8B}"
EndProject
Project("{FAE04EC0-301F-11D3-BF4B-00C04F79EFBC}") = "3.4School", "3.4School\3.4School.csproj", "{B97B2F0A-28D7-47D8-A2B6-0D12E2B2BFE3}"
EndProject
Global
	GlobalSection(SolutionConfigurationPlatforms) = preSolution
		Debug|Any CPU = Debug|Any CPU
		Release|Any CPU = Release|Any CPU
	EndGlobalSection
	GlobalSection(ProjectConfigurationPlatforms) = postSolution
		{598C2074-75C6-4918-BF51-CFD5744CD191}.Debug|Any CPU.ActiveCfg = Debug|Any CPU
		{598C2074-75C6-4918-BF51-CFD5744CD191}.Debug|Any CPU.Build.0 = Debug|Any CPU
		{598C2074-75C6-4918-BF51-CFD5744CD191}.Release|Any CPU.ActiveCfg = Release|Any CPU
		{598C2074-75C6-4918-BF51-CFD5744CD191}.Release|Any CPU.Build.0 = Release|Any CPU
		{6FF8A022-6371-4775-B2DE-19ED7661CE9A}.Debug|Any CPU.ActiveCfg = Debug|Any CPU
		{6FF8A022-6371-4775-B2DE-19ED7661CE9A}.Debug|Any CPU.Build.0 = Debug|Any CPU
		{6FF8A022-6371-4775-B2DE-19ED7661CE9A}.Release|Any CPU.ActiveCfg = Release|Any CPU
		{6FF8A022-6371-4775-B2DE-19ED7661CE9A}.Release|Any CPU.Build.0 = Release|Any CPU
		{D6DE254B-F674-45FE-B1A5-7D5F6A97AA1B}.Debug|Any CPU.ActiveCfg = Debug|Any CPU
		{D6DE254B-F674-45FE-B1A5-7D5F6A97AA1B}.Debug|Any CPU.Build.0 = Debug|Any CPU
		{D6DE254B-F674-45FE-B1A5-7D5F6A97AA1B}.Release|Any CPU.ActiveCfg = Release|Any CPU
		{D6DE254B-F674-45FE-B1A5-7D5F6A97AA1B}.Release|Any CPU.Build.0 = Release|Any CPU
		{3626DE18-448A-4F1A-B18C-E3C664AA26E2}.Debug|Any CPU.ActiveCfg = Debug|Any CPU
		{3626DE18-448A-4F1A-B18C-E3C664AA26E2}.Debug|Any CPU.Build.0 = Debug|Any CPU
		{3626DE18-448A-4F1A-B18C-E3C664AA26E2}.Release|Any CPU.ActiveCfg = Release|Any CPU
		{3626DE18-448A-4F1A-B18C-E3C664AA26E2}.Release|Any CPU.Build.0 = Release|Any CPU
		{8D1C8D22-AF76-4A9C-887F-6CC535F968EE}.Debug|Any CPU.ActiveCfg = Debug|Any CPU
		{8D1C8D22-AF76-4A9C-887F-6CC535F968EE}.Debug|Any CPU.Build.0 = Debug|Any CPU
		{8D1C8D22-AF76-4A9C-887F-6CC535F968EE}.Release|Any CPU.ActiveCfg = Release|Any CPU
		{8D1C8D22-AF76-4A9C-887F-6CC535F968EE}.Release|Any CPU.Build.0 = Release|Any CPU
		{BF5BCBB3-840E-4E9B-867F-B9B9A9A4F4DF}.Debug|Any CPU.ActiveCfg = Debug|Any CPU
		{BF5BCBB3-840E-4E9B-867F-B9B9A9A4F4DF}.Debug|Any CPU.Build.0 = Debug|Any CPU
		{BF5BCBB3-840E-4E9B-867F-B9B9A9A4F4DF}.Release|Any CPU.ActiveCfg = Release|Any CPU
		{BF5BCBB3-840E-4E9B-867F-B9B9A9A4F4DF}.Release|Any CPU.Build.0 = Release|Any CPU
		{4B44A40D-E70B-424B-A6F0-A3DFB4844ED5}.Debug|Any CPU.ActiveCfg = Debug|Any CPU
		{4B44A40D-E70B-424B-A6F0-A3DFB4844ED5}.Debug|Any CPU.Build.0 = Debug|Any CPU
		{4B44A40D-E70B-424B-A6F0-A3DFB4844ED5}.Release|Any CPU.ActiveCfg = Release|Any CPU
		{4B44A40D-E70B-424B-A6F0-A3DFB4844ED5}.Release|Any CPU.Build.0 = Release|Any CPU
		{C0521ACB-A9D5-4859-9D27-C57FDD85EF3C}.Debug|Any CPU.ActiveCfg = Debug|Any CPU
		{C0521ACB-A9D5-4859-9D27-C57FDD85EF3C}.Debug|Any CPU.Build.0 = Debug|Any CPU
		{C0521ACB-A9D5-4859-9D27-C57FDD85EF3C}.Release|Any CPU.ActiveCfg = Release|Any CPU
		{C0521ACB-A9D5-4859-9D27-C57FDD85EF3C}.Release|Any CPU.Build.0 = Release|Any CPU
		{5794ED7B-6E81-49B5-A5E6-EFC375FA1354}.Debug|Any CPU.ActiveCfg = Debug|Any CPU
		{5794ED7B-6E81-49B5-A5E6-EFC375FA1354}.Debug|Any CPU.Build.0 = Debug|Any CPU
		{5794ED7B-6E81-49B5-A5E6-EFC375FA1354}.Release|Any CPU.ActiveCfg = Release|Any CPU
		{5794ED7B-6E81-49B5-A5E6-EFC375FA1354}.Release|Any CPU.Build.0 = Release|Any CPU
		{6BD9C79F-29B9-4F1E-9538-612722F4520B}.Debug|Any CPU.ActiveCfg = Debug|Any CPU
		{6BD9C79F-29B9-4F1E-9538-612722F4520B}.Debug|Any CPU.Build.0 = Debug|Any CPU
		{6BD9C79F-29B9-4F1E-9538-612722F4520B}.Release|Any CPU.ActiveCfg = Release|Any CPU
		{6BD9C79F-29B9-4F1E-9538-612722F4520B}.Release|Any CPU.Build.0 = Release|Any CPU
		{83843916-C9E0-41B8-9CFD-C18B1E471406}.Debug|Any CPU.ActiveCfg = Debug|Any CPU
		{83843916-C9E0-41B8-9CFD-C18B1E471406}.Debug|Any CPU.Build.0 = Debug|Any CPU
		{83843916-C9E0-41B8-9CFD-C18B1E471406}.Release|Any CPU.ActiveCfg = Release|Any CPU
		{83843916-C9E0-41B8-9CFD-C18B1E471406}.Release|Any CPU.Build.0 = Release|Any CPU
		{B3B5C5A9-ABC4-4168-878D-AB2B2A8E9E21}.Debug|Any CPU.ActiveCfg = Debug|Any CPU
		{B3B5C5A9-ABC4-4168-878D-AB2B2A8E9E21}.Debug|Any CPU.Build.0 = Debug|Any CPU
		{B3B5C5A9-ABC4-4168-878D-AB2B2A8E9E21}.Release|Any CPU.ActiveCfg = Release|Any CPU
		{B3B5C5A9-ABC4-4168-878D-AB2B2A8E9E21}.Release|Any CPU.Build.0 = Release|Any CPU
		{794CCEE8-700C-407F-B8E3-2228C87F58F6}.Debug|Any CPU.ActiveCfg = Debug|Any CPU
		{794CCEE8-700C-407F-B8E3-2228C87F58F6}.Debug|Any CPU.Build.0 = Debug|Any CPU
		{794CCEE8-700C-407F-B8E3-2228C87F58F6}.Release|Any CPU.ActiveCfg = Release|Any CPU
		{794CCEE8-700C-407F-B8E3-2228C87F58F6}.Release|Any CPU.Build.0 = Release|Any CPU
		{62782775-3960-467E-BCA4-F9B3C425C915}.Debug|Any CPU.ActiveCfg = Debug|Any CPU
		{62782775-3960-467E-BCA4-F9B3C425C915}.Debug|Any CPU.Build.0 = Debug|Any CPU
		{62782775-3960-467E-BCA4-F9B3C425C915}.Release|Any CPU.ActiveCfg = Release|Any CPU
		{62782775-3960-467E-BCA4-F9B3C425C915}.Release|Any CPU.Build.0 = Release|Any CPU
		{52F0D6BB-9F54-41A7-B2A7-9009B83BA395}.Debug|Any CPU.ActiveCfg = Debug|Any CPU
		{52F0D6BB-9F54-41A7-B2A7-9009B83BA395}.Debug|Any CPU.Build.0 = Debug|Any CPU
		{52F0D6BB-9F54-41A7-B2A7-9009B83BA395}.Release|Any CPU.ActiveCfg = Release|Any CPU
		{52F0D6BB-9F54-41A7-B2A7-9009B83BA395}.Release|Any CPU.Build.0 = Release|Any CPU
		{F5265915-69B3-4345-8FB5-B251941A2159}.Debug|Any CPU.ActiveCfg = Debug|Any CPU
		{F5265915-69B3-4345-8FB5-B251941A2159}.Debug|Any CPU.Build.0 = Debug|Any CPU
		{F5265915-69B3-4345-8FB5-B251941A2159}.Release|Any CPU.ActiveCfg = Release|Any CPU
		{F5265915-69B3-4345-8FB5-B251941A2159}.Release|Any CPU.Build.0 = Release|Any CPU
		{A38CA567-807A-4CFC-BD34-6854B70A6E51}.Debug|Any CPU.ActiveCfg = Debug|Any CPU
		{A38CA567-807A-4CFC-BD34-6854B70A6E51}.Debug|Any CPU.Build.0 = Debug|Any CPU
		{A38CA567-807A-4CFC-BD34-6854B70A6E51}.Release|Any CPU.ActiveCfg = Release|Any CPU
		{A38CA567-807A-4CFC-BD34-6854B70A6E51}.Release|Any CPU.Build.0 = Release|Any CPU
		{7B27A01D-3593-405F-8E02-14F130E1E122}.Debug|Any CPU.ActiveCfg = Debug|Any CPU
		{7B27A01D-3593-405F-8E02-14F130E1E122}.Debug|Any CPU.Build.0 = Debug|Any CPU
		{7B27A01D-3593-405F-8E02-14F130E1E122}.Release|Any CPU.ActiveCfg = Release|Any CPU
		{7B27A01D-3593-405F-8E02-14F130E1E122}.Release|Any CPU.Build.0 = Release|Any CPU
		{1ACE78A1-A8F5-4A5C-BFB2-98F3B5DB1269}.Debug|Any CPU.ActiveCfg = Debug|Any CPU
		{1ACE78A1-A8F5-4A5C-BFB2-98F3B5DB1269}.Debug|Any CPU.Build.0 = Debug|Any CPU
		{1ACE78A1-A8F5-4A5C-BFB2-98F3B5DB1269}.Release|Any CPU.ActiveCfg = Release|Any CPU
		{1ACE78A1-A8F5-4A5C-BFB2-98F3B5DB1269}.Release|Any CPU.Build.0 = Release|Any CPU
		{A7D83E6A-BC94-43BA-B79A-1D9FB2D10AAF}.Debug|Any CPU.ActiveCfg = Debug|Any CPU
		{A7D83E6A-BC94-43BA-B79A-1D9FB2D10AAF}.Debug|Any CPU.Build.0 = Debug|Any CPU
		{A7D83E6A-BC94-43BA-B79A-1D9FB2D10AAF}.Release|Any CPU.ActiveCfg = Release|Any CPU
		{A7D83E6A-BC94-43BA-B79A-1D9FB2D10AAF}.Release|Any CPU.Build.0 = Release|Any CPU
		{9C6173C0-9E89-459E-86C5-6EC066DEDF9C}.Debug|Any CPU.ActiveCfg = Debug|Any CPU
		{9C6173C0-9E89-459E-86C5-6EC066DEDF9C}.Debug|Any CPU.Build.0 = Debug|Any CPU
		{9C6173C0-9E89-459E-86C5-6EC066DEDF9C}.Release|Any CPU.ActiveCfg = Release|Any CPU
		{9C6173C0-9E89-459E-86C5-6EC066DEDF9C}.Release|Any CPU.Build.0 = Release|Any CPU
		{8C9299E9-7728-4C82-8DDF-7981C269A9DC}.Debug|Any CPU.ActiveCfg = Debug|Any CPU
		{8C9299E9-7728-4C82-8DDF-7981C269A9DC}.Debug|Any CPU.Build.0 = Debug|Any CPU
		{8C9299E9-7728-4C82-8DDF-7981C269A9DC}.Release|Any CPU.ActiveCfg = Release|Any CPU
		{8C9299E9-7728-4C82-8DDF-7981C269A9DC}.Release|Any CPU.Build.0 = Release|Any CPU
		{FB018B91-D0C9-4F71-8858-1C39B2827AB3}.Debug|Any CPU.ActiveCfg = Debug|Any CPU
		{FB018B91-D0C9-4F71-8858-1C39B2827AB3}.Debug|Any CPU.Build.0 = Debug|Any CPU
		{FB018B91-D0C9-4F71-8858-1C39B2827AB3}.Release|Any CPU.ActiveCfg = Release|Any CPU
		{FB018B91-D0C9-4F71-8858-1C39B2827AB3}.Release|Any CPU.Build.0 = Release|Any CPU
		{6498EA56-6AEE-4714-88D4-1939DE11FC8B}.Debug|Any CPU.ActiveCfg = Debug|Any CPU
		{6498EA56-6AEE-4714-88D4-1939DE11FC8B}.Debug|Any CPU.Build.0 = Debug|Any CPU
		{6498EA56-6AEE-4714-88D4-1939DE11FC8B}.Release|Any CPU.ActiveCfg = Release|Any CPU
		{6498EA56-6AEE-4714-88D4-1939DE11FC8B}.Release|Any CPU.Build.0 = Release|Any CPU
		{B97B2F0A-28D7-47D8-A2B6-0D12E2B2BFE3}.Debug|Any CPU.ActiveCfg = Debug|Any CPU
		{B97B2F0A-28D7-47D8-A2B6-0D12E2B2BFE3}.Debug|Any CPU.Build.0 = Debug|Any CPU
		{B97B2F0A-28D7-47D8-A2B6-0D12E2B2BFE3}.Release|Any CPU.ActiveCfg = Release|Any CPU
		{B97B2F0A-28D7-47D8-A2B6-0D12E2B2BFE3}.Release|Any CPU.Build.0 = Release|Any CPU
	EndGlobalSection
	GlobalSection(SolutionProperties) = preSolution
		HideSolutionNode = FALSE
	EndGlobalSection
	GlobalSection(ExtensibilityGlobals) = postSolution
		SolutionGuid = {D1D444BD-E7A3-4891-A86E-28D5EA8053B4}
	EndGlobalSection
EndGlobal
