
Microsoft Visual Studio Solution File, Format Version 12.00
# Visual Studio 15
VisualStudioVersion = 15.0.27004.2010
MinimumVisualStudioVersion = 10.0.40219.1
Project("{FAE04EC0-301F-11D3-BF4B-00C04F79EFBC}") = "PathOne", "DSAHomework\PathOne.csproj", "{38561DD1-45A5-469E-90A5-FE973F3D7614}"
EndProject
Project("{FAE04EC0-301F-11D3-BF4B-00C04F79EFBC}") = "Swappings", "Swappings\Swappings.csproj", "{206289EE-3BB9-4BC4-AD8C-DAAC925BD3AF}"
EndProject
Project("{FAE04EC0-301F-11D3-BF4B-00C04F79EFBC}") = "RecursionFactoriel", "RecursionFactoriel\RecursionFactoriel.csproj", "{A06D053D-9F83-43EB-A2E3-9C336C6992E5}"
EndProject
Project("{FAE04EC0-301F-11D3-BF4B-00C04F79EFBC}") = "RecursionReverseString", "RecursionReverseString\RecursionReverseString.csproj", "{7C001BE9-8D5A-4678-B0DF-500C68B90CC5}"
EndProject
Project("{FAE04EC0-301F-11D3-BF4B-00C04F79EFBC}") = "RecRevStringSecond", "RecRevStringSecond\RecRevStringSecond.csproj", "{16DDECF9-FABC-4A3E-BE81-047CA7B77BB4}"
EndProject
Project("{FAE04EC0-301F-11D3-BF4B-00C04F79EFBC}") = "Combination", "Combination\Combination.csproj", "{39D22B93-4BC8-450D-9921-B64AC1332A56}"
EndProject
Project("{FAE04EC0-301F-11D3-BF4B-00C04F79EFBC}") = "01.SumAndAverageSequance", "01.SumAndAverageSequance\01.SumAndAverageSequance.csproj", "{9FE8F4D1-6032-4909-A24E-51F28A65E62E}"
EndProject
Project("{FAE04EC0-301F-11D3-BF4B-00C04F79EFBC}") = "02.ReverseWithStack", "02.ReverseWithStack\02.ReverseWithStack.csproj", "{DD0C8751-8BB8-42ED-8DFE-850688395DF7}"
EndProject
Project("{FAE04EC0-301F-11D3-BF4B-00C04F79EFBC}") = "03.ListSorter", "03.ListSorter\03.ListSorter.csproj", "{A00A878B-579E-40D1-B09C-F758109E3244}"
EndProject
Project("{FAE04EC0-301F-11D3-BF4B-00C04F79EFBC}") = "04 and 05.LongSeq and NegRemover", "04.LongestSubsequance\04 and 05.LongSeq and NegRemover.csproj", "{CA50716E-F1C2-4A27-A03A-B7BF7DD351B6}"
EndProject
Project("{FAE04EC0-301F-11D3-BF4B-00C04F79EFBC}") = "06.RemoveOddTimedItems", "06.RemoveOddTimedItems\06.RemoveOddTimedItems.csproj", "{17810226-C115-4722-8812-E11F790BB31E}"
EndProject
Project("{FAE04EC0-301F-11D3-BF4B-00C04F79EFBC}") = "07.EachIntOccur", "07.EachIntOccur\07.EachIntOccur.csproj", "{C65E2E7D-DB2D-400B-86CC-A7BE8D167BEB}"
EndProject
Project("{FAE04EC0-301F-11D3-BF4B-00C04F79EFBC}") = "08.Majorant", "08.Majorant\08.Majorant.csproj", "{B66D5BC6-465D-40D7-A8D9-33C0F6526CCA}"
EndProject
Global
	GlobalSection(SolutionConfigurationPlatforms) = preSolution
		Debug|Any CPU = Debug|Any CPU
		Release|Any CPU = Release|Any CPU
	EndGlobalSection
	GlobalSection(ProjectConfigurationPlatforms) = postSolution
		{38561DD1-45A5-469E-90A5-FE973F3D7614}.Debug|Any CPU.ActiveCfg = Debug|Any CPU
		{38561DD1-45A5-469E-90A5-FE973F3D7614}.Debug|Any CPU.Build.0 = Debug|Any CPU
		{38561DD1-45A5-469E-90A5-FE973F3D7614}.Release|Any CPU.ActiveCfg = Release|Any CPU
		{38561DD1-45A5-469E-90A5-FE973F3D7614}.Release|Any CPU.Build.0 = Release|Any CPU
		{206289EE-3BB9-4BC4-AD8C-DAAC925BD3AF}.Debug|Any CPU.ActiveCfg = Debug|Any CPU
		{206289EE-3BB9-4BC4-AD8C-DAAC925BD3AF}.Debug|Any CPU.Build.0 = Debug|Any CPU
		{206289EE-3BB9-4BC4-AD8C-DAAC925BD3AF}.Release|Any CPU.ActiveCfg = Release|Any CPU
		{206289EE-3BB9-4BC4-AD8C-DAAC925BD3AF}.Release|Any CPU.Build.0 = Release|Any CPU
		{A06D053D-9F83-43EB-A2E3-9C336C6992E5}.Debug|Any CPU.ActiveCfg = Debug|Any CPU
		{A06D053D-9F83-43EB-A2E3-9C336C6992E5}.Debug|Any CPU.Build.0 = Debug|Any CPU
		{A06D053D-9F83-43EB-A2E3-9C336C6992E5}.Release|Any CPU.ActiveCfg = Release|Any CPU
		{A06D053D-9F83-43EB-A2E3-9C336C6992E5}.Release|Any CPU.Build.0 = Release|Any CPU
		{7C001BE9-8D5A-4678-B0DF-500C68B90CC5}.Debug|Any CPU.ActiveCfg = Debug|Any CPU
		{7C001BE9-8D5A-4678-B0DF-500C68B90CC5}.Debug|Any CPU.Build.0 = Debug|Any CPU
		{7C001BE9-8D5A-4678-B0DF-500C68B90CC5}.Release|Any CPU.ActiveCfg = Release|Any CPU
		{7C001BE9-8D5A-4678-B0DF-500C68B90CC5}.Release|Any CPU.Build.0 = Release|Any CPU
		{16DDECF9-FABC-4A3E-BE81-047CA7B77BB4}.Debug|Any CPU.ActiveCfg = Debug|Any CPU
		{16DDECF9-FABC-4A3E-BE81-047CA7B77BB4}.Debug|Any CPU.Build.0 = Debug|Any CPU
		{16DDECF9-FABC-4A3E-BE81-047CA7B77BB4}.Release|Any CPU.ActiveCfg = Release|Any CPU
		{16DDECF9-FABC-4A3E-BE81-047CA7B77BB4}.Release|Any CPU.Build.0 = Release|Any CPU
		{39D22B93-4BC8-450D-9921-B64AC1332A56}.Debug|Any CPU.ActiveCfg = Debug|Any CPU
		{39D22B93-4BC8-450D-9921-B64AC1332A56}.Debug|Any CPU.Build.0 = Debug|Any CPU
		{39D22B93-4BC8-450D-9921-B64AC1332A56}.Release|Any CPU.ActiveCfg = Release|Any CPU
		{39D22B93-4BC8-450D-9921-B64AC1332A56}.Release|Any CPU.Build.0 = Release|Any CPU
		{9FE8F4D1-6032-4909-A24E-51F28A65E62E}.Debug|Any CPU.ActiveCfg = Debug|Any CPU
		{9FE8F4D1-6032-4909-A24E-51F28A65E62E}.Debug|Any CPU.Build.0 = Debug|Any CPU
		{9FE8F4D1-6032-4909-A24E-51F28A65E62E}.Release|Any CPU.ActiveCfg = Release|Any CPU
		{9FE8F4D1-6032-4909-A24E-51F28A65E62E}.Release|Any CPU.Build.0 = Release|Any CPU
		{DD0C8751-8BB8-42ED-8DFE-850688395DF7}.Debug|Any CPU.ActiveCfg = Debug|Any CPU
		{DD0C8751-8BB8-42ED-8DFE-850688395DF7}.Debug|Any CPU.Build.0 = Debug|Any CPU
		{DD0C8751-8BB8-42ED-8DFE-850688395DF7}.Release|Any CPU.ActiveCfg = Release|Any CPU
		{DD0C8751-8BB8-42ED-8DFE-850688395DF7}.Release|Any CPU.Build.0 = Release|Any CPU
		{A00A878B-579E-40D1-B09C-F758109E3244}.Debug|Any CPU.ActiveCfg = Debug|Any CPU
		{A00A878B-579E-40D1-B09C-F758109E3244}.Debug|Any CPU.Build.0 = Debug|Any CPU
		{A00A878B-579E-40D1-B09C-F758109E3244}.Release|Any CPU.ActiveCfg = Release|Any CPU
		{A00A878B-579E-40D1-B09C-F758109E3244}.Release|Any CPU.Build.0 = Release|Any CPU
		{CA50716E-F1C2-4A27-A03A-B7BF7DD351B6}.Debug|Any CPU.ActiveCfg = Debug|Any CPU
		{CA50716E-F1C2-4A27-A03A-B7BF7DD351B6}.Debug|Any CPU.Build.0 = Debug|Any CPU
		{CA50716E-F1C2-4A27-A03A-B7BF7DD351B6}.Release|Any CPU.ActiveCfg = Release|Any CPU
		{CA50716E-F1C2-4A27-A03A-B7BF7DD351B6}.Release|Any CPU.Build.0 = Release|Any CPU
		{17810226-C115-4722-8812-E11F790BB31E}.Debug|Any CPU.ActiveCfg = Debug|Any CPU
		{17810226-C115-4722-8812-E11F790BB31E}.Debug|Any CPU.Build.0 = Debug|Any CPU
		{17810226-C115-4722-8812-E11F790BB31E}.Release|Any CPU.ActiveCfg = Release|Any CPU
		{17810226-C115-4722-8812-E11F790BB31E}.Release|Any CPU.Build.0 = Release|Any CPU
		{C65E2E7D-DB2D-400B-86CC-A7BE8D167BEB}.Debug|Any CPU.ActiveCfg = Debug|Any CPU
		{C65E2E7D-DB2D-400B-86CC-A7BE8D167BEB}.Debug|Any CPU.Build.0 = Debug|Any CPU
		{C65E2E7D-DB2D-400B-86CC-A7BE8D167BEB}.Release|Any CPU.ActiveCfg = Release|Any CPU
		{C65E2E7D-DB2D-400B-86CC-A7BE8D167BEB}.Release|Any CPU.Build.0 = Release|Any CPU
		{B66D5BC6-465D-40D7-A8D9-33C0F6526CCA}.Debug|Any CPU.ActiveCfg = Debug|Any CPU
		{B66D5BC6-465D-40D7-A8D9-33C0F6526CCA}.Debug|Any CPU.Build.0 = Debug|Any CPU
		{B66D5BC6-465D-40D7-A8D9-33C0F6526CCA}.Release|Any CPU.ActiveCfg = Release|Any CPU
		{B66D5BC6-465D-40D7-A8D9-33C0F6526CCA}.Release|Any CPU.Build.0 = Release|Any CPU
	EndGlobalSection
	GlobalSection(SolutionProperties) = preSolution
		HideSolutionNode = FALSE
	EndGlobalSection
	GlobalSection(ExtensibilityGlobals) = postSolution
		SolutionGuid = {99F6C92B-3ACE-4CB7-8930-22EA229D8113}
	EndGlobalSection
EndGlobal
