
Microsoft Visual Studio Solution File, Format Version 12.00
# Visual Studio 15
VisualStudioVersion = 15.0.27004.2010
MinimumVisualStudioVersion = 10.0.40219.1
Project("{FAE04EC0-301F-11D3-BF4B-00C04F79EFBC}") = "MultiDim.01C", "MultiDim.01\MultiDim.01C.csproj", "{4D3F31AE-15AE-4AB6-82AC-A7212C9ECA3C}"
EndProject
Project("{FAE04EC0-301F-11D3-BF4B-00C04F79EFBC}") = "MultiDim.01D", "MultiDim.01D\MultiDim.01D.csproj", "{C2DA7830-5C99-4690-ABFD-4DD16EAB0CC8}"
EndProject
Project("{FAE04EC0-301F-11D3-BF4B-00C04F79EFBC}") = "ExceptionHandling", "ExceptionHandling\ExceptionHandling.csproj", "{BA36A482-8A70-465C-B2F3-BE0A088E388F}"
EndProject
Project("{FAE04EC0-301F-11D3-BF4B-00C04F79EFBC}") = "ExHandling2", "ExHandling2\ExHandling2.csproj", "{B6F4010F-664E-403B-9001-4C80763AD33C}"
EndProject
Project("{FAE04EC0-301F-11D3-BF4B-00C04F79EFBC}") = "FuncNumSys", "FuncNumSys\FuncNumSys.csproj", "{EF4F331F-7F6E-46BE-8B6D-002280E0EDEE}"
EndProject
Project("{FAE04EC0-301F-11D3-BF4B-00C04F79EFBC}") = "Kitty", "Kitty\Kitty.csproj", "{99C00E49-82FF-445D-8836-400B85E9B7A2}"
EndProject
Project("{FAE04EC0-301F-11D3-BF4B-00C04F79EFBC}") = "BitShiftMatrix", "BitShiftMatrix\BitShiftMatrix.csproj", "{D2B207BF-BF19-4DF7-B2DC-69906E0B28E1}"
EndProject
Project("{FAE04EC0-301F-11D3-BF4B-00C04F79EFBC}") = "BitShift2", "BitShift2\BitShift2.csproj", "{71798D72-0E18-4686-AC56-FA113EF57527}"
EndProject
Project("{FAE04EC0-301F-11D3-BF4B-00C04F79EFBC}") = "Testing", "Testing\Testing.csproj", "{E6B3DB58-EF23-425A-8B7D-0A8EBDE325E5}"
EndProject
Project("{FAE04EC0-301F-11D3-BF4B-00C04F79EFBC}") = "SecretNumberal.01", "SecretNumberal.01\SecretNumberal.01.csproj", "{01B934D5-7CDE-414F-88FD-D33001058CE5}"
EndProject
Project("{FAE04EC0-301F-11D3-BF4B-00C04F79EFBC}") = "GoshoCode.04", "GoshoCode.04\GoshoCode.04.csproj", "{FD5D3D75-F6EC-48D3-8F22-F8BDB063CBBE}"
EndProject
Global
	GlobalSection(SolutionConfigurationPlatforms) = preSolution
		Debug|Any CPU = Debug|Any CPU
		Release|Any CPU = Release|Any CPU
	EndGlobalSection
	GlobalSection(ProjectConfigurationPlatforms) = postSolution
		{4D3F31AE-15AE-4AB6-82AC-A7212C9ECA3C}.Debug|Any CPU.ActiveCfg = Debug|Any CPU
		{4D3F31AE-15AE-4AB6-82AC-A7212C9ECA3C}.Debug|Any CPU.Build.0 = Debug|Any CPU
		{4D3F31AE-15AE-4AB6-82AC-A7212C9ECA3C}.Release|Any CPU.ActiveCfg = Release|Any CPU
		{4D3F31AE-15AE-4AB6-82AC-A7212C9ECA3C}.Release|Any CPU.Build.0 = Release|Any CPU
		{C2DA7830-5C99-4690-ABFD-4DD16EAB0CC8}.Debug|Any CPU.ActiveCfg = Debug|Any CPU
		{C2DA7830-5C99-4690-ABFD-4DD16EAB0CC8}.Debug|Any CPU.Build.0 = Debug|Any CPU
		{C2DA7830-5C99-4690-ABFD-4DD16EAB0CC8}.Release|Any CPU.ActiveCfg = Release|Any CPU
		{C2DA7830-5C99-4690-ABFD-4DD16EAB0CC8}.Release|Any CPU.Build.0 = Release|Any CPU
		{BA36A482-8A70-465C-B2F3-BE0A088E388F}.Debug|Any CPU.ActiveCfg = Debug|Any CPU
		{BA36A482-8A70-465C-B2F3-BE0A088E388F}.Debug|Any CPU.Build.0 = Debug|Any CPU
		{BA36A482-8A70-465C-B2F3-BE0A088E388F}.Release|Any CPU.ActiveCfg = Release|Any CPU
		{BA36A482-8A70-465C-B2F3-BE0A088E388F}.Release|Any CPU.Build.0 = Release|Any CPU
		{B6F4010F-664E-403B-9001-4C80763AD33C}.Debug|Any CPU.ActiveCfg = Debug|Any CPU
		{B6F4010F-664E-403B-9001-4C80763AD33C}.Debug|Any CPU.Build.0 = Debug|Any CPU
		{B6F4010F-664E-403B-9001-4C80763AD33C}.Release|Any CPU.ActiveCfg = Release|Any CPU
		{B6F4010F-664E-403B-9001-4C80763AD33C}.Release|Any CPU.Build.0 = Release|Any CPU
		{EF4F331F-7F6E-46BE-8B6D-002280E0EDEE}.Debug|Any CPU.ActiveCfg = Debug|Any CPU
		{EF4F331F-7F6E-46BE-8B6D-002280E0EDEE}.Debug|Any CPU.Build.0 = Debug|Any CPU
		{EF4F331F-7F6E-46BE-8B6D-002280E0EDEE}.Release|Any CPU.ActiveCfg = Release|Any CPU
		{EF4F331F-7F6E-46BE-8B6D-002280E0EDEE}.Release|Any CPU.Build.0 = Release|Any CPU
		{99C00E49-82FF-445D-8836-400B85E9B7A2}.Debug|Any CPU.ActiveCfg = Debug|Any CPU
		{99C00E49-82FF-445D-8836-400B85E9B7A2}.Debug|Any CPU.Build.0 = Debug|Any CPU
		{99C00E49-82FF-445D-8836-400B85E9B7A2}.Release|Any CPU.ActiveCfg = Release|Any CPU
		{99C00E49-82FF-445D-8836-400B85E9B7A2}.Release|Any CPU.Build.0 = Release|Any CPU
		{D2B207BF-BF19-4DF7-B2DC-69906E0B28E1}.Debug|Any CPU.ActiveCfg = Debug|Any CPU
		{D2B207BF-BF19-4DF7-B2DC-69906E0B28E1}.Debug|Any CPU.Build.0 = Debug|Any CPU
		{D2B207BF-BF19-4DF7-B2DC-69906E0B28E1}.Release|Any CPU.ActiveCfg = Release|Any CPU
		{D2B207BF-BF19-4DF7-B2DC-69906E0B28E1}.Release|Any CPU.Build.0 = Release|Any CPU
		{71798D72-0E18-4686-AC56-FA113EF57527}.Debug|Any CPU.ActiveCfg = Debug|Any CPU
		{71798D72-0E18-4686-AC56-FA113EF57527}.Debug|Any CPU.Build.0 = Debug|Any CPU
		{71798D72-0E18-4686-AC56-FA113EF57527}.Release|Any CPU.ActiveCfg = Release|Any CPU
		{71798D72-0E18-4686-AC56-FA113EF57527}.Release|Any CPU.Build.0 = Release|Any CPU
		{E6B3DB58-EF23-425A-8B7D-0A8EBDE325E5}.Debug|Any CPU.ActiveCfg = Debug|Any CPU
		{E6B3DB58-EF23-425A-8B7D-0A8EBDE325E5}.Debug|Any CPU.Build.0 = Debug|Any CPU
		{E6B3DB58-EF23-425A-8B7D-0A8EBDE325E5}.Release|Any CPU.ActiveCfg = Release|Any CPU
		{E6B3DB58-EF23-425A-8B7D-0A8EBDE325E5}.Release|Any CPU.Build.0 = Release|Any CPU
		{01B934D5-7CDE-414F-88FD-D33001058CE5}.Debug|Any CPU.ActiveCfg = Debug|Any CPU
		{01B934D5-7CDE-414F-88FD-D33001058CE5}.Debug|Any CPU.Build.0 = Debug|Any CPU
		{01B934D5-7CDE-414F-88FD-D33001058CE5}.Release|Any CPU.ActiveCfg = Release|Any CPU
		{01B934D5-7CDE-414F-88FD-D33001058CE5}.Release|Any CPU.Build.0 = Release|Any CPU
		{FD5D3D75-F6EC-48D3-8F22-F8BDB063CBBE}.Debug|Any CPU.ActiveCfg = Debug|Any CPU
		{FD5D3D75-F6EC-48D3-8F22-F8BDB063CBBE}.Debug|Any CPU.Build.0 = Debug|Any CPU
		{FD5D3D75-F6EC-48D3-8F22-F8BDB063CBBE}.Release|Any CPU.ActiveCfg = Release|Any CPU
		{FD5D3D75-F6EC-48D3-8F22-F8BDB063CBBE}.Release|Any CPU.Build.0 = Release|Any CPU
	EndGlobalSection
	GlobalSection(SolutionProperties) = preSolution
		HideSolutionNode = FALSE
	EndGlobalSection
	GlobalSection(ExtensibilityGlobals) = postSolution
		SolutionGuid = {412D9575-2A53-45DF-8A77-9839CE93C02D}
	EndGlobalSection
EndGlobal
