
Microsoft Visual Studio Solution File, Format Version 12.00
# Visual Studio 15
VisualStudioVersion = 15.0.27004.2010
MinimumVisualStudioVersion = 10.0.40219.1
Project("{FAE04EC0-301F-11D3-BF4B-00C04F79EFBC}") = "DSARecursionHomework", "DSARecursionHomework\DSARecursionHomework.csproj", "{150FAF7B-3BC9-4DC9-A2DC-A3E79E32FA9B}"
EndProject
Global
	GlobalSection(SolutionConfigurationPlatforms) = preSolution
		Debug|Any CPU = Debug|Any CPU
		Release|Any CPU = Release|Any CPU
	EndGlobalSection
	GlobalSection(ProjectConfigurationPlatforms) = postSolution
		{150FAF7B-3BC9-4DC9-A2DC-A3E79E32FA9B}.Debug|Any CPU.ActiveCfg = Debug|Any CPU
		{150FAF7B-3BC9-4DC9-A2DC-A3E79E32FA9B}.Debug|Any CPU.Build.0 = Debug|Any CPU
		{150FAF7B-3BC9-4DC9-A2DC-A3E79E32FA9B}.Release|Any CPU.ActiveCfg = Release|Any CPU
		{150FAF7B-3BC9-4DC9-A2DC-A3E79E32FA9B}.Release|Any CPU.Build.0 = Release|Any CPU
	EndGlobalSection
	GlobalSection(SolutionProperties) = preSolution
		HideSolutionNode = FALSE
	EndGlobalSection
	GlobalSection(ExtensibilityGlobals) = postSolution
		SolutionGuid = {BB21FB53-DFFA-4A02-A81D-CE51A399932E}
	EndGlobalSection
EndGlobal
